github.com/Masterminds/semver/v3 v3.1.0 h1:Y2lUDsFKVRSYGojLJ1yLxSXdMmMYTYls0rCvoqmMUQk=
github.com/Masterminds/semver/v3 v3.1.0/go.mod h1:VPu/7SZ7ePZ3QOrcuXROw5FAcLl4a0cBrbBpGY/8hQs=
github.com/davecgh/go-spew v1.1.1 h1:vj9j/u1bqnvCEfJOwUhtlOARqs3+rkHYY13jYWTU97c=
github.com/davecgh/go-spew v1.1.1/go.mod h1:J7Y8YcW2NihsgmVo/mv3lAwl/skON4iLHjSsI+c5H38=
github.com/pkg/errors v0.9.1 h1:FEBLx1zS214owpjy7qsBeixbURkuhQAwrK5UwLGTwt4=
github.com/pkg/errors v0.9.1/go.mod h1:bwawxfHBFNV+L2hUp1rHADufV3IMtnDRdf1r5NINEl0=
github.com/pmezard/go-difflib v1.0.0 h1:4DBwDE0NGyQoBHbLQYPwSUPoCMWR5BEzIk/f1lZbAQM=
github.com/pmezard/go-difflib v1.0.0/go.mod h1:iKH77koFhYxTK1pcRnkKkqfTogsbg7gZNVY4sRDYZ/4=
github.com/sourcegraph/sourcegraph/dev/ci/images v0.0.0-20231229114136-300ec6158254 h1:BOx0PvEP+RzEjtIUVQkpdwr3iDSUNl2fU7nmSQDIXP0=
github.com/sourcegraph/sourcegraph/dev/ci/images v0.0.0-20231229114136-300ec6158254/go.mod h1:HpOGaRM0iHPNrEQvpB4/3E9dAUjutyhgjg9vrOOeXPY=
github.com/sourcegraph/sourcegraph/dev/ci/images v0.0.0-20240222005846-e3158c0c2717 h1:xzO3kAjylr2urK0w5Yu95n98jSwpTQ4w/rvf8QA5pwY=
github.com/sourcegraph/sourcegraph/dev/ci/images v0.0.0-20240222005846-e3158c0c2717/go.mod h1:HpOGaRM0iHPNrEQvpB4/3E9dAUjutyhgjg9vrOOeXPY=
github.com/sourcegraph/update-docker-tags v0.10.0 h1:KpY1HtvSt0FzDM/sR0jQF5StNbiPKpqmHhE0jpBEa0A=
github.com/sourcegraph/update-docker-tags v0.10.0/go.mod h1:lCDsoUnk/ASDbm7UxE7tU3qAUhQxA7xykELHXcLeKFM=
github.com/stretchr/testify v1.8.4 h1:CcVxjf3Q8PM0mHUKJCdn+eZZtm5yQwehR5yeSVQQcUk=
github.com/stretchr/testify v1.8.4/go.mod h1:sz/lmYIOXD/1dqDmKjjqLyZ2RngseejIcXlSw2iwfAo=
gopkg.in/check.v1 v0.0.0-20161208181325-20d25e280405 h1:yhCVgyC4o1eVCa2tZl7eS0r+SDo693bJlVdllGtEeKM=
gopkg.in/check.v1 v0.0.0-20161208181325-20d25e280405/go.mod h1:Co6ibVJAznAaIkqp8huTwlJQCZ016jof/cbN4VW5Yz0=
gopkg.in/yaml.v3 v3.0.1 h1:fxVm/GzAzEWqLHuvctI91KS9hhNmmWOoWu0XTYJS7CA=
gopkg.in/yaml.v3 v3.0.1/go.mod h1:K4uyk7z7BCEPqu6E+C64Yfv1cQ7kz7rIZviUmN+EgEM=
