# THIS IS AN AUTOGENERATED FILE. DO NOT EDIT THIS FILE DIRECTLY.
# yarn lockfile v1


"@sourcegraph/prettierrc@3.0.1":
  version "3.0.1"
  resolved "https://registry.yarnpkg.com/@sourcegraph/prettierrc/-/prettierrc-3.0.1.tgz#e1db0046dca3c5e770d0f2ac68bbd794fee37138"
  integrity sha512-Xyfsk2zLbtJXjgzPC5Q91AdoZ9YECB7Z5pyUCoYb36zqClBRkN2F/VoT+04pLqBf9xsr9uKfJoaf/WGGngLlVg==

prettier@^2.0.4:
  version "2.0.5"
  resolved "https://registry.yarnpkg.com/prettier/-/prettier-2.0.5.tgz#d6d56282455243f2f92cc1716692c08aa31522d4"
  integrity sha512-7PtVymN48hGcO4fGjybyBSIWDsLU4H4XlvOHfq91pz9kkGlonzwTfYkaIEwiRg/dAJF9YlbsduBAgtYLi+8cFg==
